// !$*UTF8*$!
{
	archiveVersion = 1;
	classes = {
	};
	objectVersion = 55;
	objects = {

/* Begin PBXBuildFile section */
		1EFA3F827D55361186FE945A /* Pods_XExpenso_iOS.framework in Frameworks */ = {isa = PBXBuildFile; fileRef = E71EC0DA215512EDB471E58F /* Pods_XExpenso_iOS.framework */; };
		C30759A026A2EFDB00221FDA /* XExpensoApp.swift in Sources */ = {isa = PBXBuildFile; fileRef = C307599F26A2EFDB00221FDA /* XExpensoApp.swift */; };
		C30759A226A2EFDB00221FDA /* ExpenseView.swift in Sources */ = {isa = PBXBuildFile; fileRef = C30759A126A2EFDB00221FDA /* ExpenseView.swift */; };
		C30759A726A2EFDD00221FDA /* Preview Assets.xcassets in Resources */ = {isa = PBXBuildFile; fileRef = C30759A626A2EFDD00221FDA /* Preview Assets.xcassets */; };
		C34452C526A82C3E0016148E /* TextView.swift in Sources */ = {isa = PBXBuildFile; fileRef = C34452C426A82C3E0016148E /* TextView.swift */; };
		C34452C726A82DB30016148E /* InterFontModifier.swift in Sources */ = {isa = PBXBuildFile; fileRef = C34452C626A82DB30016148E /* InterFontModifier.swift */; };
		C355BC6926A6DA2A004809CE /* AboutView.swift in Sources */ = {isa = PBXBuildFile; fileRef = C355BC6826A6DA2A004809CE /* AboutView.swift */; };
		C355BC6E26A6DBA0004809CE /* ColorExtension.swift in Sources */ = {isa = PBXBuildFile; fileRef = C355BC6D26A6DBA0004809CE /* ColorExtension.swift */; };
		C355BC7026A6E177004809CE /* Models.swift in Sources */ = {isa = PBXBuildFile; fileRef = C355BC6F26A6E177004809CE /* Models.swift */; };
		C367AB3226A42F37003C7284 /* Configs.swift in Sources */ = {isa = PBXBuildFile; fileRef = C367AB3126A42F36003C7284 /* Configs.swift */; };
		C367AB3526A4387F003C7284 /* empty-face.json in Resources */ = {isa = PBXBuildFile; fileRef = C367AB3426A4387F003C7284 /* empty-face.json */; };
		C367AB4126A438C9003C7284 /* Inter-Medium.ttf in Resources */ = {isa = PBXBuildFile; fileRef = C367AB3726A438C9003C7284 /* Inter-Medium.ttf */; };
		C367AB4226A438C9003C7284 /* Inter-Light.ttf in Resources */ = {isa = PBXBuildFile; fileRef = C367AB3826A438C9003C7284 /* Inter-Light.ttf */; };
		C367AB4326A438C9003C7284 /* Inter-Thin.ttf in Resources */ = {isa = PBXBuildFile; fileRef = C367AB3926A438C9003C7284 /* Inter-Thin.ttf */; };
		C367AB4426A438C9003C7284 /* Inter-Bold.ttf in Resources */ = {isa = PBXBuildFile; fileRef = C367AB3A26A438C9003C7284 /* Inter-Bold.ttf */; };
		C367AB4526A438C9003C7284 /* Inter-Regular.ttf in Resources */ = {isa = PBXBuildFile; fileRef = C367AB3B26A438C9003C7284 /* Inter-Regular.ttf */; };
		C367AB4626A438C9003C7284 /* Inter-ExtraBold.ttf in Resources */ = {isa = PBXBuildFile; fileRef = C367AB3C26A438C9003C7284 /* Inter-ExtraBold.ttf */; };
		C367AB4726A438C9003C7284 /* OFL.txt in Resources */ = {isa = PBXBuildFile; fileRef = C367AB3D26A438C9003C7284 /* OFL.txt */; };
		C367AB4826A438C9003C7284 /* Inter-ExtraLight.ttf in Resources */ = {isa = PBXBuildFile; fileRef = C367AB3E26A438C9003C7284 /* Inter-ExtraLight.ttf */; };
		C367AB4926A438C9003C7284 /* Inter-Black.ttf in Resources */ = {isa = PBXBuildFile; fileRef = C367AB3F26A438C9003C7284 /* Inter-Black.ttf */; };
		C367AB4A26A438C9003C7284 /* Inter-SemiBold.ttf in Resources */ = {isa = PBXBuildFile; fileRef = C367AB4026A438C9003C7284 /* Inter-SemiBold.ttf */; };
		C367AB4E26A43A68003C7284 /* Assets.xcassets in Resources */ = {isa = PBXBuildFile; fileRef = C367AB4D26A43A67003C7284 /* Assets.xcassets */; };
		C367AB5126A43C8D003C7284 /* XExpenseCD.xcdatamodeld in Sources */ = {isa = PBXBuildFile; fileRef = C367AB4F26A43C8D003C7284 /* XExpenseCD.xcdatamodeld */; };
/* End PBXBuildFile section */

/* Begin PBXFileReference section */
		298B19B335C83A0C25BE3B04 /* Pods-XExpenso-iOS.release.xcconfig */ = {isa = PBXFileReference; includeInIndex = 1; lastKnownFileType = text.xcconfig; name = "Pods-XExpenso-iOS.release.xcconfig"; path = "Target Support Files/Pods-XExpenso-iOS/Pods-XExpenso-iOS.release.xcconfig"; sourceTree = "<group>"; };
		C304BC4326A2F24F000FF2AB /* Info.plist */ = {isa = PBXFileReference; lastKnownFileType = text.plist.xml; path = Info.plist; sourceTree = "<group>"; };
		C307599C26A2EFDB00221FDA /* XExpenso-iOS.app */ = {isa = PBXFileReference; explicitFileType = wrapper.application; includeInIndex = 0; path = "XExpenso-iOS.app"; sourceTree = BUILT_PRODUCTS_DIR; };
		C307599F26A2EFDB00221FDA /* XExpensoApp.swift */ = {isa = PBXFileReference; lastKnownFileType = sourcecode.swift; path = XExpensoApp.swift; sourceTree = "<group>"; };
		C30759A126A2EFDB00221FDA /* ExpenseView.swift */ = {isa = PBXFileReference; lastKnownFileType = sourcecode.swift; path = ExpenseView.swift; sourceTree = "<group>"; };
		C30759A626A2EFDD00221FDA /* Preview Assets.xcassets */ = {isa = PBXFileReference; lastKnownFileType = folder.assetcatalog; path = "Preview Assets.xcassets"; sourceTree = "<group>"; };
		C34452C426A82C3E0016148E /* TextView.swift */ = {isa = PBXFileReference; lastKnownFileType = sourcecode.swift; path = TextView.swift; sourceTree = "<group>"; };
		C34452C626A82DB30016148E /* InterFontModifier.swift */ = {isa = PBXFileReference; lastKnownFileType = sourcecode.swift; path = InterFontModifier.swift; sourceTree = "<group>"; };
		C355BC6826A6DA2A004809CE /* AboutView.swift */ = {isa = PBXFileReference; lastKnownFileType = sourcecode.swift; path = AboutView.swift; sourceTree = "<group>"; };
		C355BC6D26A6DBA0004809CE /* ColorExtension.swift */ = {isa = PBXFileReference; lastKnownFileType = sourcecode.swift; path = ColorExtension.swift; sourceTree = "<group>"; };
		C355BC6F26A6E177004809CE /* Models.swift */ = {isa = PBXFileReference; lastKnownFileType = sourcecode.swift; path = Models.swift; sourceTree = "<group>"; };
		C367AB3126A42F36003C7284 /* Configs.swift */ = {isa = PBXFileReference; lastKnownFileType = sourcecode.swift; path = Configs.swift; sourceTree = "<group>"; };
		C367AB3426A4387F003C7284 /* empty-face.json */ = {isa = PBXFileReference; fileEncoding = 4; lastKnownFileType = text.json; path = "empty-face.json"; sourceTree = "<group>"; };
		C367AB3726A438C9003C7284 /* Inter-Medium.ttf */ = {isa = PBXFileReference; lastKnownFileType = file; path = "Inter-Medium.ttf"; sourceTree = "<group>"; };
		C367AB3826A438C9003C7284 /* Inter-Light.ttf */ = {isa = PBXFileReference; lastKnownFileType = file; path = "Inter-Light.ttf"; sourceTree = "<group>"; };
		C367AB3926A438C9003C7284 /* Inter-Thin.ttf */ = {isa = PBXFileReference; lastKnownFileType = file; path = "Inter-Thin.ttf"; sourceTree = "<group>"; };
		C367AB3A26A438C9003C7284 /* Inter-Bold.ttf */ = {isa = PBXFileReference; lastKnownFileType = file; path = "Inter-Bold.ttf"; sourceTree = "<group>"; };
		C367AB3B26A438C9003C7284 /* Inter-Regular.ttf */ = {isa = PBXFileReference; lastKnownFileType = file; path = "Inter-Regular.ttf"; sourceTree = "<group>"; };
		C367AB3C26A438C9003C7284 /* Inter-ExtraBold.ttf */ = {isa = PBXFileReference; lastKnownFileType = file; path = "Inter-ExtraBold.ttf"; sourceTree = "<group>"; };
		C367AB3D26A438C9003C7284 /* OFL.txt */ = {isa = PBXFileReference; fileEncoding = 4; lastKnownFileType = text; path = OFL.txt; sourceTree = "<group>"; };
		C367AB3E26A438C9003C7284 /* Inter-ExtraLight.ttf */ = {isa = PBXFileReference; lastKnownFileType = file; path = "Inter-ExtraLight.ttf"; sourceTree = "<group>"; };
		C367AB3F26A438C9003C7284 /* Inter-Black.ttf */ = {isa = PBXFileReference; lastKnownFileType = file; path = "Inter-Black.ttf"; sourceTree = "<group>"; };
		C367AB4026A438C9003C7284 /* Inter-SemiBold.ttf */ = {isa = PBXFileReference; lastKnownFileType = file; path = "Inter-SemiBold.ttf"; sourceTree = "<group>"; };
		C367AB4D26A43A67003C7284 /* Assets.xcassets */ = {isa = PBXFileReference; lastKnownFileType = folder.assetcatalog; path = Assets.xcassets; sourceTree = "<group>"; };
		C367AB5026A43C8D003C7284 /* XExpenseCD.xcdatamodel */ = {isa = PBXFileReference; lastKnownFileType = wrapper.xcdatamodel; path = XExpenseCD.xcdatamodel; sourceTree = "<group>"; };
		E68B90D239E0CFC34BE20E1A /* Pods-XExpenso-iOS.debug.xcconfig */ = {isa = PBXFileReference; includeInIndex = 1; lastKnownFileType = text.xcconfig; name = "Pods-XExpenso-iOS.debug.xcconfig"; path = "Target Support Files/Pods-XExpenso-iOS/Pods-XExpenso-iOS.debug.xcconfig"; sourceTree = "<group>"; };
		E71EC0DA215512EDB471E58F /* Pods_XExpenso_iOS.framework */ = {isa = PBXFileReference; explicitFileType = wrapper.framework; includeInIndex = 0; path = Pods_XExpenso_iOS.framework; sourceTree = BUILT_PRODUCTS_DIR; };
/* End PBXFileReference section */

/* Begin PBXFrameworksBuildPhase section */
		C307599926A2EFDB00221FDA /* Frameworks */ = {
			isa = PBXFrameworksBuildPhase;
			buildActionMask = 2147483647;
			files = (
				1EFA3F827D55361186FE945A /* Pods_XExpenso_iOS.framework in Frameworks */,
			);
			runOnlyForDeploymentPostprocessing = 0;
		};
/* End PBXFrameworksBuildPhase section */

/* Begin PBXGroup section */
		84468F57196BEF43B227A18C /* Pods */ = {
			isa = PBXGroup;
			children = (
				E68B90D239E0CFC34BE20E1A /* Pods-XExpenso-iOS.debug.xcconfig */,
				298B19B335C83A0C25BE3B04 /* Pods-XExpenso-iOS.release.xcconfig */,
			);
			path = Pods;
			sourceTree = "<group>";
		};
		C307599326A2EFDB00221FDA = {
			isa = PBXGroup;
			children = (
				C307599E26A2EFDB00221FDA /* XExpenso-iOS */,
				C307599D26A2EFDB00221FDA /* Products */,
				84468F57196BEF43B227A18C /* Pods */,
				E3BCED1B076941A2CEECFD7D /* Frameworks */,
			);
			sourceTree = "<group>";
		};
		C307599D26A2EFDB00221FDA /* Products */ = {
			isa = PBXGroup;
			children = (
				C307599C26A2EFDB00221FDA /* XExpenso-iOS.app */,
			);
			name = Products;
			sourceTree = "<group>";
		};
		C307599E26A2EFDB00221FDA /* XExpenso-iOS */ = {
			isa = PBXGroup;
			children = (
				C367AB5226A43F27003C7284 /* Expense */,
				C367AB3626A438C9003C7284 /* Inter */,
				C367AB3326A4387F003C7284 /* Animations */,
				C307599F26A2EFDB00221FDA /* XExpensoApp.swift */,
				C355BC6A26A6DB6E004809CE /* Helpers */,
				C355BC6726A6DA0C004809CE /* About */,
				C355BC6626A6D9C0004809CE /* ExpenseSettings */,
				C367AB4D26A43A67003C7284 /* Assets.xcassets */,
				C367AB3126A42F36003C7284 /* Configs.swift */,
				C367AB4F26A43C8D003C7284 /* XExpenseCD.xcdatamodeld */,
				C304BC4326A2F24F000FF2AB /* Info.plist */,
				C30759A526A2EFDD00221FDA /* Preview Content */,
			);
			path = "XExpenso-iOS";
			sourceTree = "<group>";
		};
		C30759A526A2EFDD00221FDA /* Preview Content */ = {
			isa = PBXGroup;
			children = (
				C30759A626A2EFDD00221FDA /* Preview Assets.xcassets */,
			);
			path = "Preview Content";
			sourceTree = "<group>";
		};
		C355BC6626A6D9C0004809CE /* ExpenseSettings */ = {
			isa = PBXGroup;
			children = (
			);
			path = ExpenseSettings;
			sourceTree = "<group>";
		};
		C355BC6726A6DA0C004809CE /* About */ = {
			isa = PBXGroup;
			children = (
				C355BC6826A6DA2A004809CE /* AboutView.swift */,
			);
			path = About;
			sourceTree = "<group>";
		};
		C355BC6A26A6DB6E004809CE /* Helpers */ = {
			isa = PBXGroup;
			children = (
				C355BC6D26A6DBA0004809CE /* ColorExtension.swift */,
				C355BC6F26A6E177004809CE /* Models.swift */,
				C34452C426A82C3E0016148E /* TextView.swift */,
				C34452C626A82DB30016148E /* InterFontModifier.swift */,
			);
			path = Helpers;
			sourceTree = "<group>";
		};
		C367AB3326A4387F003C7284 /* Animations */ = {
			isa = PBXGroup;
			children = (
				C367AB3426A4387F003C7284 /* empty-face.json */,
			);
			path = Animations;
			sourceTree = "<group>";
		};
		C367AB3626A438C9003C7284 /* Inter */ = {
			isa = PBXGroup;
			children = (
				C367AB3726A438C9003C7284 /* Inter-Medium.ttf */,
				C367AB3826A438C9003C7284 /* Inter-Light.ttf */,
				C367AB3926A438C9003C7284 /* Inter-Thin.ttf */,
				C367AB3A26A438C9003C7284 /* Inter-Bold.ttf */,
				C367AB3B26A438C9003C7284 /* Inter-Regular.ttf */,
				C367AB3C26A438C9003C7284 /* Inter-ExtraBold.ttf */,
				C367AB3D26A438C9003C7284 /* OFL.txt */,
				C367AB3E26A438C9003C7284 /* Inter-ExtraLight.ttf */,
				C367AB3F26A438C9003C7284 /* Inter-Black.ttf */,
				C367AB4026A438C9003C7284 /* Inter-SemiBold.ttf */,
			);
			path = Inter;
			sourceTree = "<group>";
		};
		C367AB5226A43F27003C7284 /* Expense */ = {
			isa = PBXGroup;
			children = (
				C30759A126A2EFDB00221FDA /* ExpenseView.swift */,
			);
			path = Expense;
			sourceTree = "<group>";
		};
		E3BCED1B076941A2CEECFD7D /* Frameworks */ = {
			isa = PBXGroup;
			children = (
				E71EC0DA215512EDB471E58F /* Pods_XExpenso_iOS.framework */,
			);
			name = Frameworks;
			sourceTree = "<group>";
		};
/* End PBXGroup section */

/* Begin PBXNativeTarget section */
		C307599B26A2EFDB00221FDA /* XExpenso-iOS */ = {
			isa = PBXNativeTarget;
			buildConfigurationList = C30759AA26A2EFDD00221FDA /* Build configuration list for PBXNativeTarget "XExpenso-iOS" */;
			buildPhases = (
				DD1663BA1CC82ABA28B43B3E /* [CP] Check Pods Manifest.lock */,
				C307599826A2EFDB00221FDA /* Sources */,
				C307599926A2EFDB00221FDA /* Frameworks */,
				C307599A26A2EFDB00221FDA /* Resources */,
				3F87AAD29A7B7A0D8B14CE29 /* [CP] Embed Pods Frameworks */,
			);
			buildRules = (
			);
			dependencies = (
			);
			name = "XExpenso-iOS";
			productName = "XExpenso-iOS";
			productReference = C307599C26A2EFDB00221FDA /* XExpenso-iOS.app */;
			productType = "com.apple.product-type.application";
		};
/* End PBXNativeTarget section */

/* Begin PBXProject section */
		C307599426A2EFDB00221FDA /* Project object */ = {
			isa = PBXProject;
			attributes = {
				BuildIndependentTargetsInParallel = 1;
				LastSwiftUpdateCheck = 1300;
				LastUpgradeCheck = 1300;
				TargetAttributes = {
					C307599B26A2EFDB00221FDA = {
						CreatedOnToolsVersion = 13.0;
					};
				};
			};
			buildConfigurationList = C307599726A2EFDB00221FDA /* Build configuration list for PBXProject "XExpenso-iOS" */;
			compatibilityVersion = "Xcode 13.0";
			developmentRegion = en;
			hasScannedForEncodings = 0;
			knownRegions = (
				en,
				Base,
			);
			mainGroup = C307599326A2EFDB00221FDA;
			productRefGroup = C307599D26A2EFDB00221FDA /* Products */;
			projectDirPath = "";
			projectRoot = "";
			targets = (
				C307599B26A2EFDB00221FDA /* XExpenso-iOS */,
			);
		};
/* End PBXProject section */

/* Begin PBXResourcesBuildPhase section */
		C307599A26A2EFDB00221FDA /* Resources */ = {
			isa = PBXResourcesBuildPhase;
			buildActionMask = 2147483647;
			files = (
				C367AB4726A438C9003C7284 /* OFL.txt in Resources */,
				C367AB4226A438C9003C7284 /* Inter-Light.ttf in Resources */,
				C367AB4126A438C9003C7284 /* Inter-Medium.ttf in Resources */,
				C367AB4626A438C9003C7284 /* Inter-ExtraBold.ttf in Resources */,
				C367AB4A26A438C9003C7284 /* Inter-SemiBold.ttf in Resources */,
				C367AB4326A438C9003C7284 /* Inter-Thin.ttf in Resources */,
				C367AB4E26A43A68003C7284 /* Assets.xcassets in Resources */,
				C367AB4426A438C9003C7284 /* Inter-Bold.ttf in Resources */,
				C30759A726A2EFDD00221FDA /* Preview Assets.xcassets in Resources */,
				C367AB4926A438C9003C7284 /* Inter-Black.ttf in Resources */,
				C367AB4826A438C9003C7284 /* Inter-ExtraLight.ttf in Resources */,
				C367AB4526A438C9003C7284 /* Inter-Regular.ttf in Resources */,
				C367AB3526A4387F003C7284 /* empty-face.json in Resources */,
			);
			runOnlyForDeploymentPostprocessing = 0;
		};
/* End PBXResourcesBuildPhase section */

/* Begin PBXShellScriptBuildPhase section */
		3F87AAD29A7B7A0D8B14CE29 /* [CP] Embed Pods Frameworks */ = {
			isa = PBXShellScriptBuildPhase;
			buildActionMask = 2147483647;
			files = (
			);
			inputFileListPaths = (
				"${PODS_ROOT}/Target Support Files/Pods-XExpenso-iOS/Pods-XExpenso-iOS-frameworks-${CONFIGURATION}-input-files.xcfilelist",
			);
			name = "[CP] Embed Pods Frameworks";
			outputFileListPaths = (
				"${PODS_ROOT}/Target Support Files/Pods-XExpenso-iOS/Pods-XExpenso-iOS-frameworks-${CONFIGURATION}-output-files.xcfilelist",
			);
			runOnlyForDeploymentPostprocessing = 0;
			shellPath = /bin/sh;
			shellScript = "\"${PODS_ROOT}/Target Support Files/Pods-XExpenso-iOS/Pods-XExpenso-iOS-frameworks.sh\"\n";
			showEnvVarsInLog = 0;
		};
		DD1663BA1CC82ABA28B43B3E /* [CP] Check Pods Manifest.lock */ = {
			isa = PBXShellScriptBuildPhase;
			buildActionMask = 2147483647;
			files = (
			);
			inputFileListPaths = (
			);
			inputPaths = (
				"${PODS_PODFILE_DIR_PATH}/Podfile.lock",
				"${PODS_ROOT}/Manifest.lock",
			);
			name = "[CP] Check Pods Manifest.lock";
			outputFileListPaths = (
			);
			outputPaths = (
				"$(DERIVED_FILE_DIR)/Pods-XExpenso-iOS-checkManifestLockResult.txt",
			);
			runOnlyForDeploymentPostprocessing = 0;
			shellPath = /bin/sh;
			shellScript = "diff \"${PODS_PODFILE_DIR_PATH}/Podfile.lock\" \"${PODS_ROOT}/Manifest.lock\" > /dev/null\nif [ $? != 0 ] ; then\n    # print error to STDERR\n    echo \"error: The sandbox is not in sync with the Podfile.lock. Run 'pod install' or update your CocoaPods installation.\" >&2\n    exit 1\nfi\n# This output is used by Xcode 'outputs' to avoid re-running this script phase.\necho \"SUCCESS\" > \"${SCRIPT_OUTPUT_FILE_0}\"\n";
			showEnvVarsInLog = 0;
		};
/* End PBXShellScriptBuildPhase section */

/* Begin PBXSourcesBuildPhase section */
		C307599826A2EFDB00221FDA /* Sources */ = {
			isa = PBXSourcesBuildPhase;
			buildActionMask = 2147483647;
			files = (
				C34452C726A82DB30016148E /* InterFontModifier.swift in Sources */,
				C30759A226A2EFDB00221FDA /* ExpenseView.swift in Sources */,
				C34452C526A82C3E0016148E /* TextView.swift in Sources */,
				C30759A026A2EFDB00221FDA /* XExpensoApp.swift in Sources */,
				C367AB5126A43C8D003C7284 /* XExpenseCD.xcdatamodeld in Sources */,
				C355BC6E26A6DBA0004809CE /* ColorExtension.swift in Sources */,
				C367AB3226A42F37003C7284 /* Configs.swift in Sources */,
				C355BC6926A6DA2A004809CE /* AboutView.swift in Sources */,
				C355BC7026A6E177004809CE /* Models.swift in Sources */,
			);
			runOnlyForDeploymentPostprocessing = 0;
		};
/* End PBXSourcesBuildPhase section */

/* Begin XCBuildConfiguration section */
		C30759A826A2EFDD00221FDA /* Debug */ = {
			isa = XCBuildConfiguration;
			buildSettings = {
				ALWAYS_SEARCH_USER_PATHS = NO;
				CLANG_ANALYZER_NONNULL = YES;
				CLANG_ANALYZER_NUMBER_OBJECT_CONVERSION = YES_AGGRESSIVE;
				CLANG_CXX_LANGUAGE_STANDARD = "gnu++14";
				CLANG_CXX_LIBRARY = "libc++";
				CLANG_ENABLE_MODULES = YES;
				CLANG_ENABLE_OBJC_ARC = YES;
				CLANG_ENABLE_OBJC_WEAK = YES;
				CLANG_WARN_BLOCK_CAPTURE_AUTORELEASING = YES;
				CLANG_WARN_BOOL_CONVERSION = YES;
				CLANG_WARN_COMMA = YES;
				CLANG_WARN_CONSTANT_CONVERSION = YES;
				CLANG_WARN_DEPRECATED_OBJC_IMPLEMENTATIONS = YES;
				CLANG_WARN_DIRECT_OBJC_ISA_USAGE = YES_ERROR;
				CLANG_WARN_DOCUMENTATION_COMMENTS = YES;
				CLANG_WARN_EMPTY_BODY = YES;
				CLANG_WARN_ENUM_CONVERSION = YES;
				CLANG_WARN_INFINITE_RECURSION = YES;
				CLANG_WARN_INT_CONVERSION = YES;
				CLANG_WARN_NON_LITERAL_NULL_CONVERSION = YES;
				CLANG_WARN_OBJC_IMPLICIT_RETAIN_SELF = YES;
				CLANG_WARN_OBJC_LITERAL_CONVERSION = YES;
				CLANG_WARN_OBJC_ROOT_CLASS = YES_ERROR;
				CLANG_WARN_QUOTED_INCLUDE_IN_FRAMEWORK_HEADER = YES;
				CLANG_WARN_RANGE_LOOP_ANALYSIS = YES;
				CLANG_WARN_STRICT_PROTOTYPES = YES;
				CLANG_WARN_SUSPICIOUS_MOVE = YES;
				CLANG_WARN_UNGUARDED_AVAILABILITY = YES_AGGRESSIVE;
				CLANG_WARN_UNREACHABLE_CODE = YES;
				CLANG_WARN__DUPLICATE_METHOD_MATCH = YES;
				COPY_PHASE_STRIP = NO;
				DEBUG_INFORMATION_FORMAT = dwarf;
				ENABLE_STRICT_OBJC_MSGSEND = YES;
				ENABLE_TESTABILITY = YES;
				GCC_C_LANGUAGE_STANDARD = gnu11;
				GCC_DYNAMIC_NO_PIC = NO;
				GCC_NO_COMMON_BLOCKS = YES;
				GCC_OPTIMIZATION_LEVEL = 0;
				GCC_PREPROCESSOR_DEFINITIONS = (
					"DEBUG=1",
					"$(inherited)",
				);
				GCC_WARN_64_TO_32_BIT_CONVERSION = YES;
				GCC_WARN_ABOUT_RETURN_TYPE = YES_ERROR;
				GCC_WARN_UNDECLARED_SELECTOR = YES;
				GCC_WARN_UNINITIALIZED_AUTOS = YES_AGGRESSIVE;
				GCC_WARN_UNUSED_FUNCTION = YES;
				GCC_WARN_UNUSED_VARIABLE = YES;
				IPHONEOS_DEPLOYMENT_TARGET = 15.0;
				MTL_ENABLE_DEBUG_INFO = INCLUDE_SOURCE;
				MTL_FAST_MATH = YES;
				ONLY_ACTIVE_ARCH = YES;
				SDKROOT = iphoneos;
				SWIFT_ACTIVE_COMPILATION_CONDITIONS = DEBUG;
				SWIFT_OPTIMIZATION_LEVEL = "-Onone";
			};
			name = Debug;
		};
		C30759A926A2EFDD00221FDA /* Release */ = {
			isa = XCBuildConfiguration;
			buildSettings = {
				ALWAYS_SEARCH_USER_PATHS = NO;
				CLANG_ANALYZER_NONNULL = YES;
				CLANG_ANALYZER_NUMBER_OBJECT_CONVERSION = YES_AGGRESSIVE;
				CLANG_CXX_LANGUAGE_STANDARD = "gnu++14";
				CLANG_CXX_LIBRARY = "libc++";
				CLANG_ENABLE_MODULES = YES;
				CLANG_ENABLE_OBJC_ARC = YES;
				CLANG_ENABLE_OBJC_WEAK = YES;
				CLANG_WARN_BLOCK_CAPTURE_AUTORELEASING = YES;
				CLANG_WARN_BOOL_CONVERSION = YES;
				CLANG_WARN_COMMA = YES;
				CLANG_WARN_CONSTANT_CONVERSION = YES;
				CLANG_WARN_DEPRECATED_OBJC_IMPLEMENTATIONS = YES;
				CLANG_WARN_DIRECT_OBJC_ISA_USAGE = YES_ERROR;
				CLANG_WARN_DOCUMENTATION_COMMENTS = YES;
				CLANG_WARN_EMPTY_BODY = YES;
				CLANG_WARN_ENUM_CONVERSION = YES;
				CLANG_WARN_INFINITE_RECURSION = YES;
				CLANG_WARN_INT_CONVERSION = YES;
				CLANG_WARN_NON_LITERAL_NULL_CONVERSION = YES;
				CLANG_WARN_OBJC_IMPLICIT_RETAIN_SELF = YES;
				CLANG_WARN_OBJC_LITERAL_CONVERSION = YES;
				CLANG_WARN_OBJC_ROOT_CLASS = YES_ERROR;
				CLANG_WARN_QUOTED_INCLUDE_IN_FRAMEWORK_HEADER = YES;
				CLANG_WARN_RANGE_LOOP_ANALYSIS = YES;
				CLANG_WARN_STRICT_PROTOTYPES = YES;
				CLANG_WARN_SUSPICIOUS_MOVE = YES;
				CLANG_WARN_UNGUARDED_AVAILABILITY = YES_AGGRESSIVE;
				CLANG_WARN_UNREACHABLE_CODE = YES;
				CLANG_WARN__DUPLICATE_METHOD_MATCH = YES;
				COPY_PHASE_STRIP = NO;
				DEBUG_INFORMATION_FORMAT = "dwarf-with-dsym";
				ENABLE_NS_ASSERTIONS = NO;
				ENABLE_STRICT_OBJC_MSGSEND = YES;
				GCC_C_LANGUAGE_STANDARD = gnu11;
				GCC_NO_COMMON_BLOCKS = YES;
				GCC_WARN_64_TO_32_BIT_CONVERSION = YES;
				GCC_WARN_ABOUT_RETURN_TYPE = YES_ERROR;
				GCC_WARN_UNDECLARED_SELECTOR = YES;
				GCC_WARN_UNINITIALIZED_AUTOS = YES_AGGRESSIVE;
				GCC_WARN_UNUSED_FUNCTION = YES;
				GCC_WARN_UNUSED_VARIABLE = YES;
				IPHONEOS_DEPLOYMENT_TARGET = 15.0;
				MTL_ENABLE_DEBUG_INFO = NO;
				MTL_FAST_MATH = YES;
				SDKROOT = iphoneos;
				SWIFT_COMPILATION_MODE = wholemodule;
				SWIFT_OPTIMIZATION_LEVEL = "-O";
				VALIDATE_PRODUCT = YES;
			};
			name = Release;
		};
		C30759AB26A2EFDD00221FDA /* Debug */ = {
			isa = XCBuildConfiguration;
			baseConfigurationReference = E68B90D239E0CFC34BE20E1A /* Pods-XExpenso-iOS.debug.xcconfig */;
			buildSettings = {
				ASSETCATALOG_COMPILER_APPICON_NAME = AppIcon;
				ASSETCATALOG_COMPILER_GLOBAL_ACCENT_COLOR_NAME = AccentColor;
				CODE_SIGN_STYLE = Automatic;
				CURRENT_PROJECT_VERSION = 1;
				DEVELOPMENT_ASSET_PATHS = "\"XExpenso-iOS/Preview Content\"";
				DEVELOPMENT_TEAM = ZD8RCDB2Y6;
				ENABLE_PREVIEWS = YES;
				GENERATE_INFOPLIST_FILE = NO;
				INFOPLIST_FILE = "/Users/xianengqi/Work/XExpenso-iOS/XExpenso-iOS/Info.plist";
				INFOPLIST_KEY_UIApplicationSceneManifest_Generation = YES;
				INFOPLIST_KEY_UIApplicationSupportsIndirectInputEvents = YES;
				INFOPLIST_KEY_UILaunchScreen_Generation = YES;
				INFOPLIST_KEY_UISupportedInterfaceOrientations_iPad = "UIInterfaceOrientationPortrait UIInterfaceOrientationPortraitUpsideDown UIInterfaceOrientationLandscapeLeft UIInterfaceOrientationLandscapeRight";
				INFOPLIST_KEY_UISupportedInterfaceOrientations_iPhone = "UIInterfaceOrientationPortrait UIInterfaceOrientationLandscapeLeft UIInterfaceOrientationLandscapeRight";
				IPHONEOS_DEPLOYMENT_TARGET = 14.0;
				LD_RUNPATH_SEARCH_PATHS = (
					"$(inherited)",
					"@executable_path/Frameworks",
				);
				MARKETING_VERSION = 1.0;
				PRODUCT_BUNDLE_IDENTIFIER = "io.designCode.XExpenso-iOS";
				PRODUCT_NAME = "$(TARGET_NAME)";
				SWIFT_EMIT_LOC_STRINGS = YES;
				SWIFT_VERSION = 5.0;
				TARGETED_DEVICE_FAMILY = "1,2";
			};
			name = Debug;
		};
		C30759AC26A2EFDD00221FDA /* Release */ = {
			isa = XCBuildConfiguration;
			baseConfigurationReference = 298B19B335C83A0C25BE3B04 /* Pods-XExpenso-iOS.release.xcconfig */;
			buildSettings = {
				ASSETCATALOG_COMPILER_APPICON_NAME = AppIcon;
				ASSETCATALOG_COMPILER_GLOBAL_ACCENT_COLOR_NAME = AccentColor;
				CODE_SIGN_STYLE = Automatic;
				CURRENT_PROJECT_VERSION = 1;
				DEVELOPMENT_ASSET_PATHS = "\"XExpenso-iOS/Preview Content\"";
				DEVELOPMENT_TEAM = ZD8RCDB2Y6;
				ENABLE_PREVIEWS = YES;
				GENERATE_INFOPLIST_FILE = NO;
				INFOPLIST_FILE = "/Users/xianengqi/Work/XExpenso-iOS/XExpenso-iOS/Info.plist";
				INFOPLIST_KEY_UIApplicationSceneManifest_Generation = YES;
				INFOPLIST_KEY_UIApplicationSupportsIndirectInputEvents = YES;
				INFOPLIST_KEY_UILaunchScreen_Generation = YES;
				INFOPLIST_KEY_UISupportedInterfaceOrientations_iPad = "UIInterfaceOrientationPortrait UIInterfaceOrientationPortraitUpsideDown UIInterfaceOrientationLandscapeLeft UIInterfaceOrientationLandscapeRight";
				INFOPLIST_KEY_UISupportedInterfaceOrientations_iPhone = "UIInterfaceOrientationPortrait UIInterfaceOrientationLandscapeLeft UIInterfaceOrientationLandscapeRight";
				IPHONEOS_DEPLOYMENT_TARGET = 14.0;
				LD_RUNPATH_SEARCH_PATHS = (
					"$(inherited)",
					"@executable_path/Frameworks",
				);
				MARKETING_VERSION = 1.0;
				PRODUCT_BUNDLE_IDENTIFIER = "io.designCode.XExpenso-iOS";
				PRODUCT_NAME = "$(TARGET_NAME)";
				SWIFT_EMIT_LOC_STRINGS = YES;
				SWIFT_VERSION = 5.0;
				TARGETED_DEVICE_FAMILY = "1,2";
			};
			name = Release;
		};
/* End XCBuildConfiguration section */

/* Begin XCConfigurationList section */
		C307599726A2EFDB00221FDA /* Build configuration list for PBXProject "XExpenso-iOS" */ = {
			isa = XCConfigurationList;
			buildConfigurations = (
				C30759A826A2EFDD00221FDA /* Debug */,
				C30759A926A2EFDD00221FDA /* Release */,
			);
			defaultConfigurationIsVisible = 0;
			defaultConfigurationName = Release;
		};
		C30759AA26A2EFDD00221FDA /* Build configuration list for PBXNativeTarget "XExpenso-iOS" */ = {
			isa = XCConfigurationList;
			buildConfigurations = (
				C30759AB26A2EFDD00221FDA /* Debug */,
				C30759AC26A2EFDD00221FDA /* Release */,
			);
			defaultConfigurationIsVisible = 0;
			defaultConfigurationName = Release;
		};
/* End XCConfigurationList section */

/* Begin XCVersionGroup section */
		C367AB4F26A43C8D003C7284 /* XExpenseCD.xcdatamodeld */ = {
			isa = XCVersionGroup;
			children = (
				C367AB5026A43C8D003C7284 /* XExpenseCD.xcdatamodel */,
			);
			currentVersion = C367AB5026A43C8D003C7284 /* XExpenseCD.xcdatamodel */;
			path = XExpenseCD.xcdatamodeld;
			sourceTree = "<group>";
			versionGroupType = wrapper.xcdatamodel;
		};
/* End XCVersionGroup section */
	};
	rootObject = C307599426A2EFDB00221FDA /* Project object */;
}
